
Microsoft Visual Studio Solution File, Format Version 12.00
# Visual Studio 14
VisualStudioVersion = 14.0.25420.1
MinimumVisualStudioVersion = 10.0.40219.1
Project("{FAE04EC0-301F-11D3-BF4B-00C04F79EFBC}") = "FGeo3D_TE", "FGeo3D\FGeo3D_TE.csproj", "{94F3E6D3-16DB-460B-B805-36A17D861CF3}"
	ProjectSection(ProjectDependencies) = postProject
		{1704C8D5-F047-4F2C-9F07-2D4FBF1ECD2C} = {1704C8D5-F047-4F2C-9F07-2D4FBF1ECD2C}
	EndProjectSection
EndProject
Project("{FAE04EC0-301F-11D3-BF4B-00C04F79EFBC}") = "FGeo3D.GoCAD", "FGeo3D.GoCAD.Common\FGeo3D.GoCAD.csproj", "{EF26281D-A28C-4589-BA63-EF16D49159B0}"
	ProjectSection(ProjectDependencies) = postProject
		{1704C8D5-F047-4F2C-9F07-2D4FBF1ECD2C} = {1704C8D5-F047-4F2C-9F07-2D4FBF1ECD2C}
	EndProjectSection
EndProject
Project("{FAE04EC0-301F-11D3-BF4B-00C04F79EFBC}") = "FGeo3D.GeoObj", "FGeo3D.GeoObj\FGeo3D.GeoObj.csproj", "{1704C8D5-F047-4F2C-9F07-2D4FBF1ECD2C}"
EndProject
Project("{FAE04EC0-301F-11D3-BF4B-00C04F79EFBC}") = "FGeo3D.GeoImage", "FGeo3D.GeoImage\FGeo3D.GeoImage.csproj", "{02EA27D2-9708-4CDE-ACA8-78CA5C96462F}"
EndProject
Project("{FAE04EC0-301F-11D3-BF4B-00C04F79EFBC}") = "FGeo3D.GPS", "FGeo3D.GPS\FGeo3D.GPS.csproj", "{D17D3C00-E044-4700-85D1-80F41D76D16C}"
EndProject
Project("{FAE04EC0-301F-11D3-BF4B-00C04F79EFBC}") = "FGeo3D.GeoCurvedSurface", "FGeo3D.GeoCurvedSurface\FGeo3D.GeoCurvedSurface.csproj", "{5B333A01-1B48-4183-A2C8-2B5D82E4FE54}"
EndProject
Project("{FAE04EC0-301F-11D3-BF4B-00C04F79EFBC}") = "FGeo3D.LoggingObj", "FGeo3D.LoggingObj\FGeo3D.LoggingObj.csproj", "{098B5732-08E2-4145-ABD9-912FC8F1DBAB}"
EndProject
Project("{FAE04EC0-301F-11D3-BF4B-00C04F79EFBC}") = "Draw", "Draw\Draw.csproj", "{4B2F27C6-085F-4BE9-A79F-C53AF4C932E5}"
EndProject
Project("{FAE04EC0-301F-11D3-BF4B-00C04F79EFBC}") = "UnitTestProject", "UnitTestProject\UnitTestProject.csproj", "{27334AE8-408E-4128-A287-2451A39B55FE}"
EndProject
Global
	GlobalSection(SolutionConfigurationPlatforms) = preSolution
		Debug|Any CPU = Debug|Any CPU
		Debug|x86 = Debug|x86
		Release|Any CPU = Release|Any CPU
		Release|x86 = Release|x86
	EndGlobalSection
	GlobalSection(ProjectConfigurationPlatforms) = postSolution
		{94F3E6D3-16DB-460B-B805-36A17D861CF3}.Debug|Any CPU.ActiveCfg = Debug|x86
		{94F3E6D3-16DB-460B-B805-36A17D861CF3}.Debug|Any CPU.Build.0 = Debug|x86
		{94F3E6D3-16DB-460B-B805-36A17D861CF3}.Debug|x86.ActiveCfg = Debug|x86
		{94F3E6D3-16DB-460B-B805-36A17D861CF3}.Debug|x86.Build.0 = Debug|x86
		{94F3E6D3-16DB-460B-B805-36A17D861CF3}.Release|Any CPU.ActiveCfg = Release|x86
		{94F3E6D3-16DB-460B-B805-36A17D861CF3}.Release|x86.ActiveCfg = Release|x86
		{94F3E6D3-16DB-460B-B805-36A17D861CF3}.Release|x86.Build.0 = Release|x86
		{EF26281D-A28C-4589-BA63-EF16D49159B0}.Debug|Any CPU.ActiveCfg = Debug|Any CPU
		{EF26281D-A28C-4589-BA63-EF16D49159B0}.Debug|Any CPU.Build.0 = Debug|Any CPU
		{EF26281D-A28C-4589-BA63-EF16D49159B0}.Debug|x86.ActiveCfg = Debug|Any CPU
		{EF26281D-A28C-4589-BA63-EF16D49159B0}.Debug|x86.Build.0 = Debug|Any CPU
		{EF26281D-A28C-4589-BA63-EF16D49159B0}.Release|Any CPU.ActiveCfg = Release|Any CPU
		{EF26281D-A28C-4589-BA63-EF16D49159B0}.Release|Any CPU.Build.0 = Release|Any CPU
		{EF26281D-A28C-4589-BA63-EF16D49159B0}.Release|x86.ActiveCfg = Release|Any CPU
		{EF26281D-A28C-4589-BA63-EF16D49159B0}.Release|x86.Build.0 = Release|Any CPU
		{1704C8D5-F047-4F2C-9F07-2D4FBF1ECD2C}.Debug|Any CPU.ActiveCfg = Debug|Any CPU
		{1704C8D5-F047-4F2C-9F07-2D4FBF1ECD2C}.Debug|Any CPU.Build.0 = Debug|Any CPU
		{1704C8D5-F047-4F2C-9F07-2D4FBF1ECD2C}.Debug|x86.ActiveCfg = Debug|Any CPU
		{1704C8D5-F047-4F2C-9F07-2D4FBF1ECD2C}.Debug|x86.Build.0 = Debug|Any CPU
		{1704C8D5-F047-4F2C-9F07-2D4FBF1ECD2C}.Release|Any CPU.ActiveCfg = Release|Any CPU
		{1704C8D5-F047-4F2C-9F07-2D4FBF1ECD2C}.Release|Any CPU.Build.0 = Release|Any CPU
		{1704C8D5-F047-4F2C-9F07-2D4FBF1ECD2C}.Release|x86.ActiveCfg = Release|Any CPU
		{1704C8D5-F047-4F2C-9F07-2D4FBF1ECD2C}.Release|x86.Build.0 = Release|Any CPU
		{02EA27D2-9708-4CDE-ACA8-78CA5C96462F}.Debug|Any CPU.ActiveCfg = Debug|Any CPU
		{02EA27D2-9708-4CDE-ACA8-78CA5C96462F}.Debug|Any CPU.Build.0 = Debug|Any CPU
		{02EA27D2-9708-4CDE-ACA8-78CA5C96462F}.Debug|x86.ActiveCfg = Debug|Any CPU
		{02EA27D2-9708-4CDE-ACA8-78CA5C96462F}.Debug|x86.Build.0 = Debug|Any CPU
		{02EA27D2-9708-4CDE-ACA8-78CA5C96462F}.Release|Any CPU.ActiveCfg = Release|Any CPU
		{02EA27D2-9708-4CDE-ACA8-78CA5C96462F}.Release|Any CPU.Build.0 = Release|Any CPU
		{02EA27D2-9708-4CDE-ACA8-78CA5C96462F}.Release|x86.ActiveCfg = Release|Any CPU
		{02EA27D2-9708-4CDE-ACA8-78CA5C96462F}.Release|x86.Build.0 = Release|Any CPU
		{D17D3C00-E044-4700-85D1-80F41D76D16C}.Debug|Any CPU.ActiveCfg = Debug|Any CPU
		{D17D3C00-E044-4700-85D1-80F41D76D16C}.Debug|Any CPU.Build.0 = Debug|Any CPU
		{D17D3C00-E044-4700-85D1-80F41D76D16C}.Debug|x86.ActiveCfg = Debug|Any CPU
		{D17D3C00-E044-4700-85D1-80F41D76D16C}.Debug|x86.Build.0 = Debug|Any CPU
		{D17D3C00-E044-4700-85D1-80F41D76D16C}.Release|Any CPU.ActiveCfg = Release|Any CPU
		{D17D3C00-E044-4700-85D1-80F41D76D16C}.Release|Any CPU.Build.0 = Release|Any CPU
		{D17D3C00-E044-4700-85D1-80F41D76D16C}.Release|x86.ActiveCfg = Release|Any CPU
		{D17D3C00-E044-4700-85D1-80F41D76D16C}.Release|x86.Build.0 = Release|Any CPU
		{5B333A01-1B48-4183-A2C8-2B5D82E4FE54}.Debug|Any CPU.ActiveCfg = Debug|Any CPU
		{5B333A01-1B48-4183-A2C8-2B5D82E4FE54}.Debug|Any CPU.Build.0 = Debug|Any CPU
		{5B333A01-1B48-4183-A2C8-2B5D82E4FE54}.Debug|x86.ActiveCfg = Debug|Any CPU
		{5B333A01-1B48-4183-A2C8-2B5D82E4FE54}.Debug|x86.Build.0 = Debug|Any CPU
		{5B333A01-1B48-4183-A2C8-2B5D82E4FE54}.Release|Any CPU.ActiveCfg = Release|Any CPU
		{5B333A01-1B48-4183-A2C8-2B5D82E4FE54}.Release|Any CPU.Build.0 = Release|Any CPU
		{5B333A01-1B48-4183-A2C8-2B5D82E4FE54}.Release|x86.ActiveCfg = Release|Any CPU
		{5B333A01-1B48-4183-A2C8-2B5D82E4FE54}.Release|x86.Build.0 = Release|Any CPU
		{098B5732-08E2-4145-ABD9-912FC8F1DBAB}.Debug|Any CPU.ActiveCfg = Debug|Any CPU
		{098B5732-08E2-4145-ABD9-912FC8F1DBAB}.Debug|Any CPU.Build.0 = Debug|Any CPU
		{098B5732-08E2-4145-ABD9-912FC8F1DBAB}.Debug|x86.ActiveCfg = Debug|Any CPU
		{098B5732-08E2-4145-ABD9-912FC8F1DBAB}.Debug|x86.Build.0 = Debug|Any CPU
		{098B5732-08E2-4145-ABD9-912FC8F1DBAB}.Release|Any CPU.ActiveCfg = Release|Any CPU
		{098B5732-08E2-4145-ABD9-912FC8F1DBAB}.Release|Any CPU.Build.0 = Release|Any CPU
		{098B5732-08E2-4145-ABD9-912FC8F1DBAB}.Release|x86.ActiveCfg = Release|Any CPU
		{098B5732-08E2-4145-ABD9-912FC8F1DBAB}.Release|x86.Build.0 = Release|Any CPU
		{4B2F27C6-085F-4BE9-A79F-C53AF4C932E5}.Debug|Any CPU.ActiveCfg = Debug|Any CPU
		{4B2F27C6-085F-4BE9-A79F-C53AF4C932E5}.Debug|Any CPU.Build.0 = Debug|Any CPU
		{4B2F27C6-085F-4BE9-A79F-C53AF4C932E5}.Debug|x86.ActiveCfg = Debug|Any CPU
		{4B2F27C6-085F-4BE9-A79F-C53AF4C932E5}.Debug|x86.Build.0 = Debug|Any CPU
		{4B2F27C6-085F-4BE9-A79F-C53AF4C932E5}.Release|Any CPU.ActiveCfg = Release|Any CPU
		{4B2F27C6-085F-4BE9-A79F-C53AF4C932E5}.Release|Any CPU.Build.0 = Release|Any CPU
		{4B2F27C6-085F-4BE9-A79F-C53AF4C932E5}.Release|x86.ActiveCfg = Release|Any CPU
		{4B2F27C6-085F-4BE9-A79F-C53AF4C932E5}.Release|x86.Build.0 = Release|Any CPU
		{27334AE8-408E-4128-A287-2451A39B55FE}.Debug|Any CPU.ActiveCfg = Debug|Any CPU
		{27334AE8-408E-4128-A287-2451A39B55FE}.Debug|Any CPU.Build.0 = Debug|Any CPU
		{27334AE8-408E-4128-A287-2451A39B55FE}.Debug|x86.ActiveCfg = Debug|Any CPU
		{27334AE8-408E-4128-A287-2451A39B55FE}.Debug|x86.Build.0 = Debug|Any CPU
		{27334AE8-408E-4128-A287-2451A39B55FE}.Release|Any CPU.ActiveCfg = Release|Any CPU
		{27334AE8-408E-4128-A287-2451A39B55FE}.Release|Any CPU.Build.0 = Release|Any CPU
		{27334AE8-408E-4128-A287-2451A39B55FE}.Release|x86.ActiveCfg = Release|Any CPU
		{27334AE8-408E-4128-A287-2451A39B55FE}.Release|x86.Build.0 = Release|Any CPU
	EndGlobalSection
	GlobalSection(SolutionProperties) = preSolution
		HideSolutionNode = FALSE
	EndGlobalSection
EndGlobal
